{
  "version": "3",
  "packages": {
    "specifiers": {
      "jsr:@hono/hono": "jsr:@hono/hono@4.6.3",
      "jsr:@std/crypto": "jsr:@std/crypto@1.0.3",
      "jsr:@std/dotenv": "jsr:@std/dotenv@0.225.2",
      "jsr:@std/encoding": "jsr:@std/encoding@1.0.5"
    },
    "jsr": {
      "@hono/hono@4.6.3": {
        "integrity": "a1f5a18cd12a0db54755b0461dd5a4e2d93a6f85403073eb710103eacc42daf3"
      },
      "@std/crypto@1.0.3": {
        "integrity": "a2a32f51ddef632d299e3879cd027c630dcd4d1d9a5285d6e6788072f4e51e7f"
      },
      "@std/dotenv@0.225.2": {
        "integrity": "e2025dce4de6c7bca21dece8baddd4262b09d5187217e231b033e088e0c4dd23"
      },
      "@std/encoding@1.0.5": {
        "integrity": "ecf363d4fc25bd85bd915ff6733a7e79b67e0e7806334af15f4645c569fefc04"
      }
    }
  },
  "redirects": {
    "https://deno.land/x/crypto/hmac.ts": "https://deno.land/x/crypto@v0.10.1/hmac.ts"
  },
  "remote": {
    "https://deno.land/std@0.224.0/dotenv/mod.ts": "0180eaeedaaf88647318811cdaa418cc64dc51fb08354f91f5f480d0a1309f7d",
    "https://deno.land/std@0.224.0/dotenv/parse.ts": "09977ff88dfd1f24f9973a338f0f91bbdb9307eb5ff6085446e7c423e4c7ba0c",
    "https://deno.land/std@0.224.0/dotenv/stringify.ts": "275da322c409170160440836342eaa7cf012a1d11a7e700d8ca4e7f2f8aa4615",
    "https://deno.land/std@0.224.0/encoding/_util.ts": "beacef316c1255da9bc8e95afb1fa56ed69baef919c88dc06ae6cb7a6103d376",
    "https://deno.land/std@0.224.0/encoding/hex.ts": "6270f25e5d85f99fcf315278670ba012b04b7c94b67715b53f30d03249687c07",
    "https://deno.land/std@0.92.0/encoding/base64.ts": "eecae390f1f1d1cae6f6c6d732ede5276bf4b9cd29b1d281678c054dc5cc009e",
    "https://deno.land/std@0.92.0/encoding/hex.ts": "f952e0727bddb3b2fd2e6889d104eacbd62e92091f540ebd6459317a61932d9b",
    "https://deno.land/std@0.92.0/hash/_wasm/hash.ts": "cb6ad1ab429f8ac9d6eae48f3286e08236d662e1a2e5cfd681ba1c0f17375895",
    "https://deno.land/std@0.92.0/hash/_wasm/wasm.js": "94b1b997ae6fb4e6d2156bcea8f79cfcd1e512a91252b08800a92071e5e84e1a",
    "https://deno.land/std@0.92.0/hash/mod.ts": "5d032bd34186cda2f8d17fc122d621430953a6030d4b3f11172004715e3e2441",
    "https://deno.land/x/crypto@v0.10.1/deps.ts": "56b8597c13a678440de3c6fbfbec4e07259dce8f31d0b03c86b2a9bebf00f618",
    "https://deno.land/x/crypto@v0.10.1/hmac.ts": "27d26371cff042fb12130fda2509daf29352c20bc770cbf24022fc14710994b8",
    "https://deno.land/x/crypto@v0.10.1/src/hmac/mod.ts": "acf992ed0d9c3735a09d0f377a25d583a5761b4cbbf367678efe40ca79cd30ea",
    "https://deno.land/x/hono@v4.3.11/client/client.ts": "dcda3887257fa3164db7b32c56665c6e757f0ef047a14f3f9599ef41725c1525",
    "https://deno.land/x/hono@v4.3.11/client/index.ts": "30def535310a37bede261f1b23d11a9758983b8e9d60a6c56309cee5f6746ab2",
    "https://deno.land/x/hono@v4.3.11/client/utils.ts": "8be84b49c5c7952666875a8e901fde3044c85c853ea6ba3a7e2c0468478459c0",
    "https://deno.land/x/hono@v4.3.11/compose.ts": "37d6e33b7db80e4c43a0629b12fd3a1e3406e7d9e62a4bfad4b30426ea7ae4f1",
    "https://deno.land/x/hono@v4.3.11/context.ts": "facfd749d823a645039571d66d9d228f5ae6836818b65d3b6c4c6891adfe071e",
    "https://deno.land/x/hono@v4.3.11/helper/cookie/index.ts": "689c84eae410f0444a4598f136a4f859b9122ec6f790dff74412d34405883db8",
    "https://deno.land/x/hono@v4.3.11/hono-base.ts": "fd7e9c1bba1e13119e95158270011784da3a7c3014c149ba0700e700f840ae0d",
    "https://deno.land/x/hono@v4.3.11/hono.ts": "23edd0140bf0bd5a68c14ae96e5856a5cec6b844277e853b91025e91ea74f416",
    "https://deno.land/x/hono@v4.3.11/http-exception.ts": "f5dd375e61aa4b764eb9b99dd45a7160f8317fd36d3f79ae22585b9a5e8ad7c5",
    "https://deno.land/x/hono@v4.3.11/mod.ts": "35fd2a2e14b52365e0ad66f168b067363fd0a60d75cbcb1b01685b04de97d60e",
    "https://deno.land/x/hono@v4.3.11/request.ts": "7b08602858e642d1626c3106c0bedc2aa8d97e30691a079351d9acef7c5955e6",
    "https://deno.land/x/hono@v4.3.11/router.ts": "880316f561918fc197481755aac2165fdbe2f530b925c5357a9f98d6e2cc85c7",
    "https://deno.land/x/hono@v4.3.11/router/linear-router/index.ts": "8a2a7144c50b1f4a92d9ee99c2c396716af144c868e10608255f969695efccd0",
    "https://deno.land/x/hono@v4.3.11/router/linear-router/router.ts": "928d29894e4b45b047a4f453c7f1745c8b1869cd68447e1cb710c7bbf99a4e29",
    "https://deno.land/x/hono@v4.3.11/router/pattern-router/index.ts": "304a66c50e243872037ed41c7dd79ed0c89d815e17e172e7ad7cdc4bc07d3383",
    "https://deno.land/x/hono@v4.3.11/router/pattern-router/router.ts": "1b5f68e6af942579d3a40ee834294fea3d1f05fd5f70514e46ae301dd0107e46",
    "https://deno.land/x/hono@v4.3.11/router/reg-exp-router/index.ts": "52755829213941756159b7a963097bafde5cc4fc22b13b1c7c9184dc0512d1db",
    "https://deno.land/x/hono@v4.3.11/router/reg-exp-router/node.ts": "7efaa6f4301efc2aad0519c84973061be8555da02e5868409293a1fd98536aaf",
    "https://deno.land/x/hono@v4.3.11/router/reg-exp-router/router.ts": "632f2fa426b3e45a66aeed03f7205dad6d13e8081bed6f8d1d987b6cad8fb455",
    "https://deno.land/x/hono@v4.3.11/router/reg-exp-router/trie.ts": "852ce7207e6701e47fa30889a0d2b8bfcd56d8862c97e7bc9831e0a64bd8835f",
    "https://deno.land/x/hono@v4.3.11/router/smart-router/index.ts": "74f9b4fe15ea535900f2b9b048581915f12fe94e531dd2b0032f5610e61c3bef",
    "https://deno.land/x/hono@v4.3.11/router/smart-router/router.ts": "dc22a8505a0f345476f07dca3054c0c50a64d7b81c9af5a904476490dfd5cbb4",
    "https://deno.land/x/hono@v4.3.11/router/trie-router/index.ts": "3eb75e7f71ba81801631b30de6b1f5cefb2c7239c03797e2b2cbab5085911b41",
    "https://deno.land/x/hono@v4.3.11/router/trie-router/node.ts": "d3e00e8f1ba7fb26896459d5bba882356891a07793387c4655d1864c519a91de",
    "https://deno.land/x/hono@v4.3.11/router/trie-router/router.ts": "54ced78d35676302c8fcdda4204f7bdf5a7cc907fbf9967c75674b1e394f830d",
    "https://deno.land/x/hono@v4.3.11/utils/body.ts": "774cb319dfbe886a9d39f12c43dea15a39f9d01e45de0323167cdd5d0aad14d4",
    "https://deno.land/x/hono@v4.3.11/utils/buffer.ts": "2fae689954b427b51fb84ad02bed11a72eae96692c2973802b3b4c1e39cd5b9c",
    "https://deno.land/x/hono@v4.3.11/utils/cookie.ts": "662529d55703d2c0bad8736cb1274eb97524c0ef7882d99254fc7c8fa925b46c",
    "https://deno.land/x/hono@v4.3.11/utils/crypto.ts": "bda0e141bbe46d3a4a20f8fbcb6380d473b617123d9fdfa93e4499410b537acc",
    "https://deno.land/x/hono@v4.3.11/utils/html.ts": "6ea4f6bf41587a51607dff7a6d2865ef4d5001e4203b07e5c8a45b63a098e871",
    "https://deno.land/x/hono@v4.3.11/utils/url.ts": "855169632c61d03703bd08cafb27664ba3fdb352892f01687d5cce8fd49e3cb1",
    "https://deno.land/x/hono@v4.3.11/validator/index.ts": "6c986e8b91dcf857ecc8164a506ae8eea8665792a4ff7215471df669c632ae7c",
    "https://deno.land/x/hono@v4.3.11/validator/validator.ts": "53f3d2ad442e22f0bc2d85b7d8d90320d4e5ecf5fdd58882f906055d33a18e13",
    "https://deno.land/x/hono@v4.3.6/client/client.ts": "dcda3887257fa3164db7b32c56665c6e757f0ef047a14f3f9599ef41725c1525",
    "https://deno.land/x/hono@v4.3.6/client/index.ts": "30def535310a37bede261f1b23d11a9758983b8e9d60a6c56309cee5f6746ab2",
    "https://deno.land/x/hono@v4.3.6/client/utils.ts": "8be84b49c5c7952666875a8e901fde3044c85c853ea6ba3a7e2c0468478459c0",
    "https://deno.land/x/hono@v4.3.6/compose.ts": "37d6e33b7db80e4c43a0629b12fd3a1e3406e7d9e62a4bfad4b30426ea7ae4f1",
    "https://deno.land/x/hono@v4.3.6/context.ts": "c7b59d259bcfe5187c27c537f889def0baab56f98e8e5a4456546023e70717a5",
    "https://deno.land/x/hono@v4.3.6/helper/cookie/index.ts": "689c84eae410f0444a4598f136a4f859b9122ec6f790dff74412d34405883db8",
    "https://deno.land/x/hono@v4.3.6/hono-base.ts": "fd7e9c1bba1e13119e95158270011784da3a7c3014c149ba0700e700f840ae0d",
    "https://deno.land/x/hono@v4.3.6/hono.ts": "23edd0140bf0bd5a68c14ae96e5856a5cec6b844277e853b91025e91ea74f416",
    "https://deno.land/x/hono@v4.3.6/http-exception.ts": "cd387c6f7357db375ac3375f0346c6da80b46193b661881f660d6b15293fc086",
    "https://deno.land/x/hono@v4.3.6/mod.ts": "35fd2a2e14b52365e0ad66f168b067363fd0a60d75cbcb1b01685b04de97d60e",
    "https://deno.land/x/hono@v4.3.6/request.ts": "7b08602858e642d1626c3106c0bedc2aa8d97e30691a079351d9acef7c5955e6",
    "https://deno.land/x/hono@v4.3.6/router.ts": "880316f561918fc197481755aac2165fdbe2f530b925c5357a9f98d6e2cc85c7",
    "https://deno.land/x/hono@v4.3.6/router/linear-router/index.ts": "8a2a7144c50b1f4a92d9ee99c2c396716af144c868e10608255f969695efccd0",
    "https://deno.land/x/hono@v4.3.6/router/linear-router/router.ts": "928d29894e4b45b047a4f453c7f1745c8b1869cd68447e1cb710c7bbf99a4e29",
    "https://deno.land/x/hono@v4.3.6/router/pattern-router/index.ts": "304a66c50e243872037ed41c7dd79ed0c89d815e17e172e7ad7cdc4bc07d3383",
    "https://deno.land/x/hono@v4.3.6/router/pattern-router/router.ts": "1b5f68e6af942579d3a40ee834294fea3d1f05fd5f70514e46ae301dd0107e46",
    "https://deno.land/x/hono@v4.3.6/router/reg-exp-router/index.ts": "52755829213941756159b7a963097bafde5cc4fc22b13b1c7c9184dc0512d1db",
    "https://deno.land/x/hono@v4.3.6/router/reg-exp-router/node.ts": "7efaa6f4301efc2aad0519c84973061be8555da02e5868409293a1fd98536aaf",
    "https://deno.land/x/hono@v4.3.6/router/reg-exp-router/router.ts": "632f2fa426b3e45a66aeed03f7205dad6d13e8081bed6f8d1d987b6cad8fb455",
    "https://deno.land/x/hono@v4.3.6/router/reg-exp-router/trie.ts": "852ce7207e6701e47fa30889a0d2b8bfcd56d8862c97e7bc9831e0a64bd8835f",
    "https://deno.land/x/hono@v4.3.6/router/smart-router/index.ts": "74f9b4fe15ea535900f2b9b048581915f12fe94e531dd2b0032f5610e61c3bef",
    "https://deno.land/x/hono@v4.3.6/router/smart-router/router.ts": "dc22a8505a0f345476f07dca3054c0c50a64d7b81c9af5a904476490dfd5cbb4",
    "https://deno.land/x/hono@v4.3.6/router/trie-router/index.ts": "3eb75e7f71ba81801631b30de6b1f5cefb2c7239c03797e2b2cbab5085911b41",
    "https://deno.land/x/hono@v4.3.6/router/trie-router/node.ts": "d3e00e8f1ba7fb26896459d5bba882356891a07793387c4655d1864c519a91de",
    "https://deno.land/x/hono@v4.3.6/router/trie-router/router.ts": "54ced78d35676302c8fcdda4204f7bdf5a7cc907fbf9967c75674b1e394f830d",
    "https://deno.land/x/hono@v4.3.6/utils/body.ts": "774cb319dfbe886a9d39f12c43dea15a39f9d01e45de0323167cdd5d0aad14d4",
    "https://deno.land/x/hono@v4.3.6/utils/buffer.ts": "2fae689954b427b51fb84ad02bed11a72eae96692c2973802b3b4c1e39cd5b9c",
    "https://deno.land/x/hono@v4.3.6/utils/cookie.ts": "6eaaf6909a4ae11f6c82404e9398e1c247e3f1854d73994a9e2e6fc3cdf7b584",
    "https://deno.land/x/hono@v4.3.6/utils/crypto.ts": "bda0e141bbe46d3a4a20f8fbcb6380d473b617123d9fdfa93e4499410b537acc",
    "https://deno.land/x/hono@v4.3.6/utils/html.ts": "6ea4f6bf41587a51607dff7a6d2865ef4d5001e4203b07e5c8a45b63a098e871",
    "https://deno.land/x/hono@v4.3.6/utils/url.ts": "855169632c61d03703bd08cafb27664ba3fdb352892f01687d5cce8fd49e3cb1",
    "https://deno.land/x/hono@v4.3.6/validator/index.ts": "6c986e8b91dcf857ecc8164a506ae8eea8665792a4ff7215471df669c632ae7c",
    "https://deno.land/x/hono@v4.3.6/validator/validator.ts": "53f3d2ad442e22f0bc2d85b7d8d90320d4e5ecf5fdd58882f906055d33a18e13",
    "https://esm.sh/simple-git@3.24.0": "6ffb03d7d4331740beab3eae6ac8037a2c08f3ba589407c1be52136ac73c3b61",
    "https://esm.sh/simple-git@3.27.0": "b663b87d6b9c77804224db2b254cdb81c15fe27b571eed6c0c70bb61a6faa8b6",
    "https://esm.sh/v135/@kwsites/file-exists@1.1.1/denonext/file-exists.mjs": "97f9c5b9ea2ef3be7ee61534da62e550ab94726b5687a5a71ce981a9336849c1",
    "https://esm.sh/v135/@kwsites/promise-deferred@1.1.1/denonext/promise-deferred.mjs": "5381e8a58b7101dda78b9f256fe121583ff47cadd07da60d9ec08f0fbc0a1fff",
    "https://esm.sh/v135/debug@4.3.4/denonext/debug.mjs": "d2ebf776ea77aa7df1b4460eb2a4aab245a9d5b19f11fa1db25f756b350bae9d",
    "https://esm.sh/v135/debug@4.3.7/denonext/debug.mjs": "83a87de38124da10cfb7a9ee1d8a643bdb90f29191e5bd7d2ef98c172cc5223a",
    "https://esm.sh/v135/ms@2.1.2/denonext/ms.mjs": "aa4dc45ba72554c5011168f8910cc646c37af53cfff1a15a4decced838b8eb14",
    "https://esm.sh/v135/ms@2.1.3/denonext/ms.mjs": "0f06597e493998793b8f52232868976128fca326eec3bcd56f10e66e6efd1839",
    "https://esm.sh/v135/simple-git@3.24.0/denonext/simple-git.mjs": "c2b2c8b71e1812066c8c73b2ab6c1e6c03f0d51283b448e5d82827791fc19112",
    "https://esm.sh/v135/simple-git@3.27.0/denonext/simple-git.mjs": "b5510585ca8e279aa3de5c11ddb7eb4df827bbaa63f6a0aa9593d05c8b445404"
  }
}
